
Microsoft Visual Studio Solution File, Format Version 12.00
# Visual Studio Version 17
VisualStudioVersion = 17.5.33516.290
MinimumVisualStudioVersion = 10.0.40219.1
Project("{FAE04EC0-301F-11D3-BF4B-00C04F79EFBC}") = "ConsoleApp1", "ConsoleApp1\ConsoleApp1.csproj", "{07A7ABF0-6F18-4F58-9052-EFF68BFBF136}"
EndProject
Global
	GlobalSection(SolutionConfigurationPlatforms) = preSolution
		Debug|Any CPU = Debug|Any CPU
		Release|Any CPU = Release|Any CPU
	EndGlobalSection
	GlobalSection(ProjectConfigurationPlatforms) = postSolution
		{07A7ABF0-6F18-4F58-9052-EFF68BFBF136}.Debug|Any CPU.ActiveCfg = Debug|Any CPU
		{07A7ABF0-6F18-4F58-9052-EFF68BFBF136}.Debug|Any CPU.Build.0 = Debug|Any CPU
		{07A7ABF0-6F18-4F58-9052-EFF68BFBF136}.Release|Any CPU.ActiveCfg = Release|Any CPU
		{07A7ABF0-6F18-4F58-9052-EFF68BFBF136}.Release|Any CPU.Build.0 = Release|Any CPU
	EndGlobalSection
	GlobalSection(SolutionProperties) = preSolution
		HideSolutionNode = FALSE
	EndGlobalSection
	GlobalSection(ExtensibilityGlobals) = postSolution
		SolutionGuid = {E19E3A6C-5EDF-4215-9E10-58239479EC1F}
	EndGlobalSection
EndGlobal
