
Microsoft Visual Studio Solution File, Format Version 12.00
# Visual Studio Version 17
VisualStudioVersion = 17.5.33530.505
MinimumVisualStudioVersion = 10.0.40219.1
Project("{FAE04EC0-301F-11D3-BF4B-00C04F79EFBC}") = "FormsPedidos", "FormsPedidos\FormsPedidos.csproj", "{B785BD66-2BEC-4E6D-B7E1-E9A08EDC719B}"
EndProject
Project("{FAE04EC0-301F-11D3-BF4B-00C04F79EFBC}") = "BibliotecaPedidos", "BibliotecaPedidos\BibliotecaPedidos.csproj", "{29282ED8-E2E4-4CA7-B8E4-71A7FFCCD890}"
EndProject
Global
	GlobalSection(SolutionConfigurationPlatforms) = preSolution
		Debug|Any CPU = Debug|Any CPU
		Release|Any CPU = Release|Any CPU
	EndGlobalSection
	GlobalSection(ProjectConfigurationPlatforms) = postSolution
		{B785BD66-2BEC-4E6D-B7E1-E9A08EDC719B}.Debug|Any CPU.ActiveCfg = Debug|Any CPU
		{B785BD66-2BEC-4E6D-B7E1-E9A08EDC719B}.Debug|Any CPU.Build.0 = Debug|Any CPU
		{B785BD66-2BEC-4E6D-B7E1-E9A08EDC719B}.Release|Any CPU.ActiveCfg = Release|Any CPU
		{B785BD66-2BEC-4E6D-B7E1-E9A08EDC719B}.Release|Any CPU.Build.0 = Release|Any CPU
		{29282ED8-E2E4-4CA7-B8E4-71A7FFCCD890}.Debug|Any CPU.ActiveCfg = Debug|Any CPU
		{29282ED8-E2E4-4CA7-B8E4-71A7FFCCD890}.Debug|Any CPU.Build.0 = Debug|Any CPU
		{29282ED8-E2E4-4CA7-B8E4-71A7FFCCD890}.Release|Any CPU.ActiveCfg = Release|Any CPU
		{29282ED8-E2E4-4CA7-B8E4-71A7FFCCD890}.Release|Any CPU.Build.0 = Release|Any CPU
	EndGlobalSection
	GlobalSection(SolutionProperties) = preSolution
		HideSolutionNode = FALSE
	EndGlobalSection
	GlobalSection(ExtensibilityGlobals) = postSolution
		SolutionGuid = {BC2CF5AA-4867-4221-A33F-4C12114BA013}
	EndGlobalSection
EndGlobal
