
Microsoft Visual Studio Solution File, Format Version 12.00
# Visual Studio Version 17
VisualStudioVersion = 17.5.33530.505
MinimumVisualStudioVersion = 10.0.40219.1
Project("{FAE04EC0-301F-11D3-BF4B-00C04F79EFBC}") = "FormsDeLaBiblioteca", "FormsDeLaBiblioteca\FormsDeLaBiblioteca.csproj", "{8C813B5C-33D9-4749-87B4-74F748F5A34A}"
EndProject
Project("{FAE04EC0-301F-11D3-BF4B-00C04F79EFBC}") = "ClasesDeLaBiblioteca", "ClasesDeLaBiblioteca\ClasesDeLaBiblioteca.csproj", "{04732D53-E288-411E-949A-B87A4F9B5EBA}"
EndProject
Global
	GlobalSection(SolutionConfigurationPlatforms) = preSolution
		Debug|Any CPU = Debug|Any CPU
		Release|Any CPU = Release|Any CPU
	EndGlobalSection
	GlobalSection(ProjectConfigurationPlatforms) = postSolution
		{8C813B5C-33D9-4749-87B4-74F748F5A34A}.Debug|Any CPU.ActiveCfg = Debug|Any CPU
		{8C813B5C-33D9-4749-87B4-74F748F5A34A}.Debug|Any CPU.Build.0 = Debug|Any CPU
		{8C813B5C-33D9-4749-87B4-74F748F5A34A}.Release|Any CPU.ActiveCfg = Release|Any CPU
		{8C813B5C-33D9-4749-87B4-74F748F5A34A}.Release|Any CPU.Build.0 = Release|Any CPU
		{04732D53-E288-411E-949A-B87A4F9B5EBA}.Debug|Any CPU.ActiveCfg = Debug|Any CPU
		{04732D53-E288-411E-949A-B87A4F9B5EBA}.Debug|Any CPU.Build.0 = Debug|Any CPU
		{04732D53-E288-411E-949A-B87A4F9B5EBA}.Release|Any CPU.ActiveCfg = Release|Any CPU
		{04732D53-E288-411E-949A-B87A4F9B5EBA}.Release|Any CPU.Build.0 = Release|Any CPU
	EndGlobalSection
	GlobalSection(SolutionProperties) = preSolution
		HideSolutionNode = FALSE
	EndGlobalSection
	GlobalSection(ExtensibilityGlobals) = postSolution
		SolutionGuid = {DB23AA50-79EC-4E93-A9A8-785829E7B19A}
	EndGlobalSection
EndGlobal
