
Microsoft Visual Studio Solution File, Format Version 12.00
# Visual Studio Version 17
VisualStudioVersion = 17.5.33530.505
MinimumVisualStudioVersion = 10.0.40219.1
Project("{FAE04EC0-301F-11D3-BF4B-00C04F79EFBC}") = "Logica", "Logica\Logica.csproj", "{A721DF55-3DD6-46C1-A23A-A087C669EF63}"
EndProject
Global
	GlobalSection(SolutionConfigurationPlatforms) = preSolution
		Debug|Any CPU = Debug|Any CPU
		Release|Any CPU = Release|Any CPU
	EndGlobalSection
	GlobalSection(ProjectConfigurationPlatforms) = postSolution
		{A721DF55-3DD6-46C1-A23A-A087C669EF63}.Debug|Any CPU.ActiveCfg = Debug|Any CPU
		{A721DF55-3DD6-46C1-A23A-A087C669EF63}.Debug|Any CPU.Build.0 = Debug|Any CPU
		{A721DF55-3DD6-46C1-A23A-A087C669EF63}.Release|Any CPU.ActiveCfg = Release|Any CPU
		{A721DF55-3DD6-46C1-A23A-A087C669EF63}.Release|Any CPU.Build.0 = Release|Any CPU
	EndGlobalSection
	GlobalSection(SolutionProperties) = preSolution
		HideSolutionNode = FALSE
	EndGlobalSection
	GlobalSection(ExtensibilityGlobals) = postSolution
		SolutionGuid = {C3A7C45D-D8FF-4D52-B61D-FEC278297083}
	EndGlobalSection
EndGlobal
