
Microsoft Visual Studio Solution File, Format Version 12.00
# Visual Studio Version 17
VisualStudioVersion = 17.5.33530.505
MinimumVisualStudioVersion = 10.0.40219.1
Project("{FAE04EC0-301F-11D3-BF4B-00C04F79EFBC}") = "Front", "Front\Front.csproj", "{624E1991-750A-4DE7-BAB7-C69AA9B2879D}"
EndProject
Project("{FAE04EC0-301F-11D3-BF4B-00C04F79EFBC}") = "Back", "Back\Back.csproj", "{8C3F184F-888B-4E8D-AFFE-F73A36D89F8B}"
EndProject
Global
	GlobalSection(SolutionConfigurationPlatforms) = preSolution
		Debug|Any CPU = Debug|Any CPU
		Release|Any CPU = Release|Any CPU
	EndGlobalSection
	GlobalSection(ProjectConfigurationPlatforms) = postSolution
		{624E1991-750A-4DE7-BAB7-C69AA9B2879D}.Debug|Any CPU.ActiveCfg = Debug|Any CPU
		{624E1991-750A-4DE7-BAB7-C69AA9B2879D}.Debug|Any CPU.Build.0 = Debug|Any CPU
		{624E1991-750A-4DE7-BAB7-C69AA9B2879D}.Release|Any CPU.ActiveCfg = Release|Any CPU
		{624E1991-750A-4DE7-BAB7-C69AA9B2879D}.Release|Any CPU.Build.0 = Release|Any CPU
		{8C3F184F-888B-4E8D-AFFE-F73A36D89F8B}.Debug|Any CPU.ActiveCfg = Debug|Any CPU
		{8C3F184F-888B-4E8D-AFFE-F73A36D89F8B}.Debug|Any CPU.Build.0 = Debug|Any CPU
		{8C3F184F-888B-4E8D-AFFE-F73A36D89F8B}.Release|Any CPU.ActiveCfg = Release|Any CPU
		{8C3F184F-888B-4E8D-AFFE-F73A36D89F8B}.Release|Any CPU.Build.0 = Release|Any CPU
	EndGlobalSection
	GlobalSection(SolutionProperties) = preSolution
		HideSolutionNode = FALSE
	EndGlobalSection
	GlobalSection(ExtensibilityGlobals) = postSolution
		SolutionGuid = {99AC01B4-CE1E-4337-8CE5-3C213C69DAEA}
	EndGlobalSection
EndGlobal
